
Microsoft Visual Studio Solution File, Format Version 12.00
# Visual Studio 2017
Project("{FAE04EC0-301F-11D3-BF4B-00C04F79EFBC}") = "AI_clas_04", "AI_clas_04.csproj", "{3B9CDA2F-A7E1-BC91-F285-C77DE378E2DA}"
EndProject
Global
	GlobalSection(SolutionConfigurationPlatforms) = preSolution
		Debug|Any CPU = Debug|Any CPU
		Release|Any CPU = Release|Any CPU
	EndGlobalSection
	GlobalSection(ProjectConfigurationPlatforms) = postSolution
		{3B9CDA2F-A7E1-BC91-F285-C77DE378E2DA}.Debug|Any CPU.ActiveCfg = Debug|Any CPU
		{3B9CDA2F-A7E1-BC91-F285-C77DE378E2DA}.Debug|Any CPU.Build.0 = Debug|Any CPU
		{3B9CDA2F-A7E1-BC91-F285-C77DE378E2DA}.Release|Any CPU.ActiveCfg = Release|Any CPU
		{3B9CDA2F-A7E1-BC91-F285-C77DE378E2DA}.Release|Any CPU.Build.0 = Release|Any CPU
	EndGlobalSection
	GlobalSection(SolutionProperties) = preSolution
		HideSolutionNode = FALSE
	EndGlobalSection
EndGlobal
